{
  "version": 4,
  "terraform_version": "1.11.4",
  "serial": 16,
  "lineage": "09a60093-af4e-1ae2-717a-ffd26e3a9291",
  "outputs": {
    "ec2_instance_id": {
      "value": "i-0507e42a2a182eb76",
      "type": "string"
    },
    "ec2_public_ip": {
      "value": "16.170.245.120",
      "type": "string"
    },
    "frontend_bucket_name": {
      "value": "blog-app-frontend-bucket-qjiqewpm",
      "type": "string"
    },
    "frontend_bucket_website_endpoint": {
      "value": "blog-app-frontend-bucket-qjiqewpm.s3-website.eu-north-1.amazonaws.com",
      "type": "string"
    },
    "media_bucket_domain_name": {
      "value": "blog-app-media-bucket-qjiqewpm.s3.amazonaws.com",
      "type": "string"
    },
    "media_bucket_name": {
      "value": "blog-app-media-bucket-qjiqewpm",
      "type": "string"
    },
    "media_bucket_url": {
      "value": "https://blog-app-media-bucket-qjiqewpm.s3.eu-north-1.amazonaws.com",
      "type": "string"
    },
    "s3_user_access_key": {
      "value": "AKIASTW7RLCRWPCMUPOE",
      "type": "string",
      "sensitive": true
    },
    "s3_user_secret_key": {
      "value": "jIWgBO9HiYnJglUs4F8VHJligvOPqebKGmfGXGnJ",
      "type": "string",
      "sensitive": true
    }
  },
  "resources": [
    {
      "mode": "managed",
      "type": "aws_iam_access_key",
      "name": "s3_user_key",
      "provider": "provider[\"registry.terraform.io/hashicorp/aws\"]",
      "instances": [
        {
          "schema_version": 0,
          "attributes": {
            "create_date": "2025-05-15T07:03:16Z",
            "encrypted_secret": null,
            "encrypted_ses_smtp_password_v4": null,
            "id": "AKIASTW7RLCRWPCMUPOE",
            "key_fingerprint": null,
            "pgp_key": null,
            "secret": "jIWgBO9HiYnJglUs4F8VHJligvOPqebKGmfGXGnJ",
            "ses_smtp_password_v4": "BL5oIi8xaXXn/F0k4si4wWRrDELa9OvWJe4KvQ6hl3XO",
            "status": "Active",
            "user": "blog-app-s3-user"
          },
          "sensitive_attributes": [
            [
              {
                "type": "get_attr",
                "value": "ses_smtp_password_v4"
              }
            ],
            [
              {
                "type": "get_attr",
                "value": "secret"
              }
            ]
          ],
          "private": "bnVsbA==",
          "dependencies": [
            "aws_iam_user.s3_user"
          ]
        }
      ]
    },
    {
      "mode": "managed",
      "type": "aws_iam_user",
      "name": "s3_user",
      "provider": "provider[\"registry.terraform.io/hashicorp/aws\"]",
      "instances": [
        {
          "schema_version": 0,
          "attributes": {
            "arn": "arn:aws:iam::179783686307:user/blog-app-s3-user",
            "force_destroy": false,
            "id": "blog-app-s3-user",
            "name": "blog-app-s3-user",
            "path": "/",
            "permissions_boundary": "",
            "tags": null,
            "tags_all": {},
            "unique_id": "AIDASTW7RLCRQDWU7XCED"
          },
          "sensitive_attributes": [],
          "private": "bnVsbA=="
        }
      ]
    },
    {
      "mode": "managed",
      "type": "aws_iam_user_policy",
      "name": "s3_user_policy",
      "provider": "provider[\"registry.terraform.io/hashicorp/aws\"]",
      "instances": [
        {
          "schema_version": 0,
          "attributes": {
            "id": "blog-app-s3-user:s3_access_policy",
            "name": "s3_access_policy",
            "name_prefix": "",
            "policy": "{\"Version\":\"2012-10-17\",\"Statement\":[{\"Action\":[\"s3:PutObject\",\"s3:GetObject\",\"s3:DeleteObject\"],\"Effect\":\"Allow\",\"Resource\":\"arn:aws:s3:::blog-app-media-bucket-qjiqewpm/*\"},{\"Action\":[\"s3:ListBucket\"],\"Effect\":\"Allow\",\"Resource\":\"arn:aws:s3:::blog-app-media-bucket-qjiqewpm\"},{\"Action\":[\"s3:PutObject\",\"s3:GetObject\",\"s3:DeleteObject\",\"s3:ListBucket\"],\"Effect\":\"Allow\",\"Resource\":[\"arn:aws:s3:::blog-app-frontend-bucket-qjiqewpm\",\"arn:aws:s3:::blog-app-frontend-bucket-qjiqewpm/*\"]}]}",
            "user": "blog-app-s3-user"
          },
          "sensitive_attributes": [],
          "private": "bnVsbA==",
          "dependencies": [
            "aws_iam_user.s3_user",
            "aws_s3_bucket.frontend_bucket",
            "aws_s3_bucket.media_bucket",
            "random_string.random"
          ]
        }
      ]
    },
    {
      "mode": "managed",
      "type": "aws_instance",
      "name": "backend_instance",
      "provider": "provider[\"registry.terraform.io/hashicorp/aws\"]",
      "instances": [
        {
          "schema_version": 1,
          "attributes": {
            "ami": "ami-0c1ac8a41498c1a9c",
            "arn": "arn:aws:ec2:eu-north-1:179783686307:instance/i-0507e42a2a182eb76",
            "associate_public_ip_address": true,
            "availability_zone": "eu-north-1b",
            "capacity_reservation_specification": [
              {
                "capacity_reservation_preference": "open",
                "capacity_reservation_target": []
              }
            ],
            "cpu_core_count": 1,
            "cpu_options": [
              {
                "amd_sev_snp": "",
                "core_count": 1,
                "threads_per_core": 2
              }
            ],
            "cpu_threads_per_core": 2,
            "credit_specification": [
              {
                "cpu_credits": "unlimited"
              }
            ],
            "disable_api_stop": false,
            "disable_api_termination": false,
            "ebs_block_device": [],
            "ebs_optimized": false,
            "enable_primary_ipv6": null,
            "enclave_options": [
              {
                "enabled": false
              }
            ],
            "ephemeral_block_device": [],
            "get_password_data": false,
            "hibernation": false,
            "host_id": "",
            "host_resource_group_arn": null,
            "iam_instance_profile": "",
            "id": "i-0507e42a2a182eb76",
            "instance_initiated_shutdown_behavior": "stop",
            "instance_lifecycle": "",
            "instance_market_options": [],
            "instance_state": "running",
            "instance_type": "t3.micro",
            "ipv6_address_count": 0,
            "ipv6_addresses": [],
            "key_name": "firstkey",
            "launch_template": [
              {
                "id": "lt-066ff1e67703e7579",
                "name": "backend-launch-template",
                "version": "$Latest"
              }
            ],
            "maintenance_options": [
              {
                "auto_recovery": "default"
              }
            ],
            "metadata_options": [
              {
                "http_endpoint": "enabled",
                "http_protocol_ipv6": "disabled",
                "http_put_response_hop_limit": 2,
                "http_tokens": "required",
                "instance_metadata_tags": "disabled"
              }
            ],
            "monitoring": false,
            "network_interface": [],
            "outpost_arn": "",
            "password_data": "",
            "placement_group": "",
            "placement_partition_number": 0,
            "primary_network_interface_id": "eni-04e7a0f2eaf4b4876",
            "private_dns": "ip-172-31-36-55.eu-north-1.compute.internal",
            "private_dns_name_options": [
              {
                "enable_resource_name_dns_a_record": false,
                "enable_resource_name_dns_aaaa_record": false,
                "hostname_type": "ip-name"
              }
            ],
            "private_ip": "172.31.36.55",
            "public_dns": "ec2-16-170-245-120.eu-north-1.compute.amazonaws.com",
            "public_ip": "16.170.245.120",
            "root_block_device": [
              {
                "delete_on_termination": true,
                "device_name": "/dev/sda1",
                "encrypted": false,
                "iops": 3000,
                "kms_key_id": "",
                "tags": {},
                "tags_all": {},
                "throughput": 125,
                "volume_id": "vol-0b9169a8301188bc6",
                "volume_size": 8,
                "volume_type": "gp3"
              }
            ],
            "secondary_private_ips": [],
            "security_groups": [
              "backend-security-group"
            ],
            "source_dest_check": true,
            "spot_instance_request_id": "",
            "subnet_id": "subnet-0c4b05d698406a0ac",
            "tags": {
              "Name": "blog-app-backend"
            },
            "tags_all": {
              "Name": "blog-app-backend"
            },
            "tenancy": "default",
            "timeouts": null,
            "user_data": "c6388e1513317abace0b6919ed38a97b78adf423",
            "user_data_base64": null,
            "user_data_replace_on_change": false,
            "volume_tags": null,
            "vpc_security_group_ids": [
              "sg-0a6ae70c974f33900"
            ]
          },
          "sensitive_attributes": [],
          "private": "eyJlMmJmYjczMC1lY2FhLTExZTYtOGY4OC0zNDM2M2JjN2M0YzAiOnsiY3JlYXRlIjo2MDAwMDAwMDAwMDAsImRlbGV0ZSI6MTIwMDAwMDAwMDAwMCwicmVhZCI6OTAwMDAwMDAwMDAwLCJ1cGRhdGUiOjYwMDAwMDAwMDAwMH0sInNjaGVtYV92ZXJzaW9uIjoiMSJ9",
          "dependencies": [
            "aws_launch_template.backend_template",
            "aws_security_group.backend_sg"
          ]
        }
      ]
    },
    {
      "mode": "managed",
      "type": "aws_launch_template",
      "name": "backend_template",
      "provider": "provider[\"registry.terraform.io/hashicorp/aws\"]",
      "instances": [
        {
          "schema_version": 0,
          "attributes": {
            "arn": "arn:aws:ec2:eu-north-1:179783686307:launch-template/lt-066ff1e67703e7579",
            "block_device_mappings": [],
            "capacity_reservation_specification": [],
            "cpu_options": [],
            "credit_specification": [],
            "default_version": 1,
            "description": "",
            "disable_api_stop": false,
            "disable_api_termination": false,
            "ebs_optimized": "",
            "elastic_gpu_specifications": [],
            "elastic_inference_accelerator": [],
            "enclave_options": [],
            "hibernation_options": [],
            "iam_instance_profile": [],
            "id": "lt-066ff1e67703e7579",
            "image_id": "ami-0c1ac8a41498c1a9c",
            "instance_initiated_shutdown_behavior": "",
            "instance_market_options": [],
            "instance_requirements": [],
            "instance_type": "t3.micro",
            "kernel_id": "",
            "key_name": "firstkey",
            "latest_version": 1,
            "license_specification": [],
            "maintenance_options": [],
            "metadata_options": [],
            "monitoring": [],
            "name": "backend-launch-template",
            "name_prefix": "",
            "network_interfaces": [],
            "placement": [],
            "private_dns_name_options": [],
            "ram_disk_id": "",
            "security_group_names": null,
            "tag_specifications": [
              {
                "resource_type": "instance",
                "tags": {
                  "Name": "backend-blog-app"
                }
              }
            ],
            "tags": null,
            "tags_all": {},
            "update_default_version": null,
            "user_data": "IyEvYmluL2Jhc2gNCg0KIyBTZXQgdXAgbG9nZ2luZyB0byBtYWtlIGRlYnVnZ2luZyBlYXNpZXINCmV4ZWMgPiA+KHRlZSAvdmFyL2xvZy91c2VyLWRhdGEubG9nfGxvZ2dlciAtdCB1c2VyLWRhdGEgLXMgMj4vZGV2L2NvbnNvbGUpIDI+JjENCg0KZWNobyAiU3RhcnRpbmcgRUMyIGluaXRpYWxpemF0aW9uIHNjcmlwdC4uLiINCg0KIyBTeXN0ZW0gVXBkYXRlcyBhbmQgRXNzZW50aWFsIFBhY2thZ2VzDQplY2hvICJVcGRhdGluZyBzeXN0ZW0gcGFja2FnZXMuLi4iDQphcHQgdXBkYXRlIC15DQphcHQgaW5zdGFsbCAteSBnaXQgY3VybCB1bnppcCB0YXIgZ2NjIGcrKyBtYWtlDQoNCiMgTm9kZS5qcyBJbnN0YWxsYXRpb24gdmlhIE5WTQ0KZWNobyAiSW5zdGFsbGluZyBOb2RlLmpzIHZpYSBOVk0uLi4iDQpzdSAtIHVidW50dSAtYyAnY3VybCAtby0gaHR0cHM6Ly9yYXcuZ2l0aHVidXNlcmNvbnRlbnQuY29tL252bS1zaC9udm0vdjAuMzkuMy9pbnN0YWxsLnNoIHwgYmFzaCcNCg0KIyBJbnN0YWxsIHRoZSBsYXRlc3QgTFRTIHZlcnNpb24gb2YgTm9kZS5qcw0Kc3UgLSB1YnVudHUgLWMgJ2V4cG9ydCBOVk1fRElSPSIkSE9NRS8ubnZtIiAmJiBbIC1zICIkTlZNX0RJUi9udm0uc2giIF0gJiYgXC4gIiROVk1fRElSL252bS5zaCIgJiYgbnZtIGluc3RhbGwgLS1sdHMnDQoNCiMgU2V0IHRoZSBpbnN0YWxsZWQgdmVyc2lvbiBhcyB0aGUgZGVmYXVsdA0Kc3UgLSB1YnVudHUgLWMgJ2V4cG9ydCBOVk1fRElSPSIkSE9NRS8ubnZtIiAmJiBbIC1zICIkTlZNX0RJUi9udm0uc2giIF0gJiYgXC4gIiROVk1fRElSL252bS5zaCIgJiYgbnZtIGFsaWFzIGRlZmF1bHQgbm9kZScNCg0KIyBQTTIgSW5zdGFsbGF0aW9uIGFuZCBDb25maWd1cmF0aW9uDQplY2hvICJJbnN0YWxsaW5nIFBNMiBnbG9iYWxseS4uLiINCnN1IC0gdWJ1bnR1IC1jICdleHBvcnQgTlZNX0RJUj0iJEhPTUUvLm52bSIgJiYgWyAtcyAiJE5WTV9ESVIvbnZtLnNoIiBdICYmIFwuICIkTlZNX0RJUi9udm0uc2giICYmIG5wbSBpbnN0YWxsIC1nIHBtMicNCg0KIyBDb25maWd1cmUgUE0yIHRvIHN0YXJ0IG9uIHN5c3RlbSBib290DQplY2hvICJDb25maWd1cmluZyBQTTIgc3RhcnR1cC4uLiINCnN1IC0gdWJ1bnR1IC1jICdleHBvcnQgTlZNX0RJUj0iJEhPTUUvLm52bSIgJiYgWyAtcyAiJE5WTV9ESVIvbnZtLnNoIiBdICYmIFwuICIkTlZNX0RJUi9udm0uc2giICYmIHBtMiBzdGFydHVwJw0KDQojIEdlbmVyYXRlIGFuZCBydW4gdGhlIHN0YXJ0dXAgc2NyaXB0IHdpdGggcHJvcGVyIHBlcm1pc3Npb25zDQplbnYgUEFUSD0kUEFUSDovaG9tZS91YnVudHUvLm52bS92ZXJzaW9ucy9ub2RlLyQoc3UgLSB1YnVudHUgLWMgJ2V4cG9ydCBOVk1fRElSPSIkSE9NRS8ubnZtIiAmJiBbIC1zICIkTlZNX0RJUi9udm0uc2giIF0gJiYgXC4gIiROVk1fRElSL252bS5zaCIgJiYgbm9kZSAtdicpL2JpbiAvaG9tZS91YnVudHUvLm52bS92ZXJzaW9ucy9ub2RlLyQoc3UgLSB1YnVudHUgLWMgJ2V4cG9ydCBOVk1fRElSPSIkSE9NRS8ubnZtIiAmJiBbIC1zICIkTlZNX0RJUi9udm0uc2giIF0gJiYgXC4gIiROVk1fRElSL252bS5zaCIgJiYgbm9kZSAtdicpL2xpYi9ub2RlX21vZHVsZXMvcG0yL2Jpbi9wbTIgc3RhcnR1cCBzeXN0ZW1kIC11IHVidW50dSAtLWhwIC9ob21lL3VidW50dQ0KDQojIENyZWF0ZSBsb2dzIGRpcmVjdG9yeSBmb3IgdGhlIGFwcGxpY2F0aW9uDQplY2hvICJDcmVhdGluZyBsb2dzIGRpcmVjdG9yeS4uLiINCnN1IC0gdWJ1bnR1IC1jICdta2RpciAtcCB+L2xvZ3MnDQoNCiMgQVdTIENMSSBJbnN0YWxsYXRpb24NCmVjaG8gIkluc3RhbGxpbmcgQVdTIENMSS4uLiINCmFwdCBpbnN0YWxsIC15IGF3c2NsaQ0KDQplY2hvICJFQzIgaW5pdGlhbGl6YXRpb24gc2NyaXB0IGNvbXBsZXRlZCEiDQo=",
            "vpc_security_group_ids": [
              "sg-0a6ae70c974f33900"
            ]
          },
          "sensitive_attributes": [],
          "private": "bnVsbA==",
          "dependencies": [
            "aws_security_group.backend_sg"
          ]
        }
      ]
    },
    {
      "mode": "managed",
      "type": "aws_s3_bucket",
      "name": "frontend_bucket",
      "provider": "provider[\"registry.terraform.io/hashicorp/aws\"]",
      "instances": [
        {
          "schema_version": 0,
          "attributes": {
            "acceleration_status": "",
            "acl": null,
            "arn": "arn:aws:s3:::blog-app-frontend-bucket-qjiqewpm",
            "bucket": "blog-app-frontend-bucket-qjiqewpm",
            "bucket_domain_name": "blog-app-frontend-bucket-qjiqewpm.s3.amazonaws.com",
            "bucket_prefix": "",
            "bucket_regional_domain_name": "blog-app-frontend-bucket-qjiqewpm.s3.eu-north-1.amazonaws.com",
            "cors_rule": [],
            "force_destroy": true,
            "grant": [
              {
                "id": "fa3148be46750be6868c91e9a117ab03b8756be4dab5d008effb33ec9d65a06b",
                "permissions": [
                  "FULL_CONTROL"
                ],
                "type": "CanonicalUser",
                "uri": ""
              }
            ],
            "hosted_zone_id": "Z3BAZG2TWCNX0D",
            "id": "blog-app-frontend-bucket-qjiqewpm",
            "lifecycle_rule": [],
            "logging": [],
            "object_lock_configuration": [],
            "object_lock_enabled": false,
            "policy": "",
            "region": "eu-north-1",
            "replication_configuration": [],
            "request_payer": "BucketOwner",
            "server_side_encryption_configuration": [
              {
                "rule": [
                  {
                    "apply_server_side_encryption_by_default": [
                      {
                        "kms_master_key_id": "",
                        "sse_algorithm": "AES256"
                      }
                    ],
                    "bucket_key_enabled": false
                  }
                ]
              }
            ],
            "tags": null,
            "tags_all": {},
            "timeouts": null,
            "versioning": [
              {
                "enabled": false,
                "mfa_delete": false
              }
            ],
            "website": [],
            "website_domain": null,
            "website_endpoint": null
          },
          "sensitive_attributes": [],
          "private": "eyJlMmJmYjczMC1lY2FhLTExZTYtOGY4OC0zNDM2M2JjN2M0YzAiOnsiY3JlYXRlIjoxMjAwMDAwMDAwMDAwLCJkZWxldGUiOjM2MDAwMDAwMDAwMDAsInJlYWQiOjEyMDAwMDAwMDAwMDAsInVwZGF0ZSI6MTIwMDAwMDAwMDAwMH19",
          "dependencies": [
            "random_string.random"
          ]
        }
      ]
    },
    {
      "mode": "managed",
      "type": "aws_s3_bucket",
      "name": "media_bucket",
      "provider": "provider[\"registry.terraform.io/hashicorp/aws\"]",
      "instances": [
        {
          "schema_version": 0,
          "attributes": {
            "acceleration_status": "",
            "acl": null,
            "arn": "arn:aws:s3:::blog-app-media-bucket-qjiqewpm",
            "bucket": "blog-app-media-bucket-qjiqewpm",
            "bucket_domain_name": "blog-app-media-bucket-qjiqewpm.s3.amazonaws.com",
            "bucket_prefix": "",
            "bucket_regional_domain_name": "blog-app-media-bucket-qjiqewpm.s3.eu-north-1.amazonaws.com",
            "cors_rule": [],
            "force_destroy": true,
            "grant": [
              {
                "id": "fa3148be46750be6868c91e9a117ab03b8756be4dab5d008effb33ec9d65a06b",
                "permissions": [
                  "FULL_CONTROL"
                ],
                "type": "CanonicalUser",
                "uri": ""
              }
            ],
            "hosted_zone_id": "Z3BAZG2TWCNX0D",
            "id": "blog-app-media-bucket-qjiqewpm",
            "lifecycle_rule": [],
            "logging": [],
            "object_lock_configuration": [],
            "object_lock_enabled": false,
            "policy": "",
            "region": "eu-north-1",
            "replication_configuration": [],
            "request_payer": "BucketOwner",
            "server_side_encryption_configuration": [
              {
                "rule": [
                  {
                    "apply_server_side_encryption_by_default": [
                      {
                        "kms_master_key_id": "",
                        "sse_algorithm": "AES256"
                      }
                    ],
                    "bucket_key_enabled": false
                  }
                ]
              }
            ],
            "tags": null,
            "tags_all": {},
            "timeouts": null,
            "versioning": [
              {
                "enabled": false,
                "mfa_delete": false
              }
            ],
            "website": [],
            "website_domain": null,
            "website_endpoint": null
          },
          "sensitive_attributes": [],
          "private": "eyJlMmJmYjczMC1lY2FhLTExZTYtOGY4OC0zNDM2M2JjN2M0YzAiOnsiY3JlYXRlIjoxMjAwMDAwMDAwMDAwLCJkZWxldGUiOjM2MDAwMDAwMDAwMDAsInJlYWQiOjEyMDAwMDAwMDAwMDAsInVwZGF0ZSI6MTIwMDAwMDAwMDAwMH19",
          "dependencies": [
            "random_string.random"
          ]
        }
      ]
    },
    {
      "mode": "managed",
      "type": "aws_s3_bucket_cors_configuration",
      "name": "media_bucket_cors",
      "provider": "provider[\"registry.terraform.io/hashicorp/aws\"]",
      "instances": [
        {
          "schema_version": 0,
          "attributes": {
            "bucket": "blog-app-media-bucket-qjiqewpm",
            "cors_rule": [
              {
                "allowed_headers": [
                  "*"
                ],
                "allowed_methods": [
                  "DELETE",
                  "GET",
                  "POST",
                  "PUT"
                ],
                "allowed_origins": [
                  "*"
                ],
                "expose_headers": [],
                "id": "",
                "max_age_seconds": 3000
              }
            ],
            "expected_bucket_owner": "",
            "id": "blog-app-media-bucket-qjiqewpm"
          },
          "sensitive_attributes": [],
          "private": "bnVsbA==",
          "dependencies": [
            "aws_s3_bucket.media_bucket",
            "random_string.random"
          ]
        }
      ]
    },
    {
      "mode": "managed",
      "type": "aws_s3_bucket_policy",
      "name": "frontend_public_read",
      "provider": "provider[\"registry.terraform.io/hashicorp/aws\"]",
      "instances": [
        {
          "schema_version": 0,
          "attributes": {
            "bucket": "blog-app-frontend-bucket-qjiqewpm",
            "id": "blog-app-frontend-bucket-qjiqewpm",
            "policy": "{\"Statement\":[{\"Action\":\"s3:GetObject\",\"Effect\":\"Allow\",\"Principal\":\"*\",\"Resource\":\"arn:aws:s3:::blog-app-frontend-bucket-qjiqewpm/*\",\"Sid\":\"PublicReadGetObject\"}],\"Version\":\"2012-10-17\"}"
          },
          "sensitive_attributes": [],
          "private": "bnVsbA==",
          "dependencies": [
            "aws_s3_bucket.frontend_bucket",
            "aws_s3_bucket_public_access_block.frontend_public_access",
            "random_string.random"
          ]
        }
      ]
    },
    {
      "mode": "managed",
      "type": "aws_s3_bucket_policy",
      "name": "media_public_read",
      "provider": "provider[\"registry.terraform.io/hashicorp/aws\"]",
      "instances": [
        {
          "schema_version": 0,
          "attributes": {
            "bucket": "blog-app-media-bucket-qjiqewpm",
            "id": "blog-app-media-bucket-qjiqewpm",
            "policy": "{\"Statement\":[{\"Action\":\"s3:GetObject\",\"Effect\":\"Allow\",\"Principal\":\"*\",\"Resource\":\"arn:aws:s3:::blog-app-media-bucket-qjiqewpm/*\",\"Sid\":\"PublicReadGetObject\"}],\"Version\":\"2012-10-17\"}"
          },
          "sensitive_attributes": [],
          "private": "bnVsbA==",
          "dependencies": [
            "aws_s3_bucket.media_bucket",
            "aws_s3_bucket_public_access_block.media_public_access",
            "random_string.random"
          ]
        }
      ]
    },
    {
      "mode": "managed",
      "type": "aws_s3_bucket_public_access_block",
      "name": "frontend_public_access",
      "provider": "provider[\"registry.terraform.io/hashicorp/aws\"]",
      "instances": [
        {
          "schema_version": 0,
          "attributes": {
            "block_public_acls": false,
            "block_public_policy": false,
            "bucket": "blog-app-frontend-bucket-qjiqewpm",
            "id": "blog-app-frontend-bucket-qjiqewpm",
            "ignore_public_acls": false,
            "restrict_public_buckets": false
          },
          "sensitive_attributes": [],
          "private": "bnVsbA==",
          "dependencies": [
            "aws_s3_bucket.frontend_bucket",
            "random_string.random"
          ]
        }
      ]
    },
    {
      "mode": "managed",
      "type": "aws_s3_bucket_public_access_block",
      "name": "media_public_access",
      "provider": "provider[\"registry.terraform.io/hashicorp/aws\"]",
      "instances": [
        {
          "schema_version": 0,
          "attributes": {
            "block_public_acls": false,
            "block_public_policy": false,
            "bucket": "blog-app-media-bucket-qjiqewpm",
            "id": "blog-app-media-bucket-qjiqewpm",
            "ignore_public_acls": false,
            "restrict_public_buckets": false
          },
          "sensitive_attributes": [],
          "private": "bnVsbA==",
          "dependencies": [
            "aws_s3_bucket.media_bucket",
            "random_string.random"
          ]
        }
      ]
    },
    {
      "mode": "managed",
      "type": "aws_s3_bucket_website_configuration",
      "name": "frontend_website",
      "provider": "provider[\"registry.terraform.io/hashicorp/aws\"]",
      "instances": [
        {
          "schema_version": 0,
          "attributes": {
            "bucket": "blog-app-frontend-bucket-qjiqewpm",
            "error_document": [
              {
                "key": "index.html"
              }
            ],
            "expected_bucket_owner": "",
            "id": "blog-app-frontend-bucket-qjiqewpm",
            "index_document": [
              {
                "suffix": "index.html"
              }
            ],
            "redirect_all_requests_to": [],
            "routing_rule": [],
            "routing_rules": "",
            "website_domain": "s3-website.eu-north-1.amazonaws.com",
            "website_endpoint": "blog-app-frontend-bucket-qjiqewpm.s3-website.eu-north-1.amazonaws.com"
          },
          "sensitive_attributes": [],
          "private": "bnVsbA==",
          "dependencies": [
            "aws_s3_bucket.frontend_bucket",
            "random_string.random"
          ]
        }
      ]
    },
    {
      "mode": "managed",
      "type": "aws_security_group",
      "name": "backend_sg",
      "provider": "provider[\"registry.terraform.io/hashicorp/aws\"]",
      "instances": [
        {
          "schema_version": 1,
          "attributes": {
            "arn": "arn:aws:ec2:eu-north-1:179783686307:security-group/sg-0a6ae70c974f33900",
            "description": "Security group for backend EC2 instance",
            "egress": [
              {
                "cidr_blocks": [
                  "0.0.0.0/0"
                ],
                "description": "Allow all outbound traffic",
                "from_port": 0,
                "ipv6_cidr_blocks": [],
                "prefix_list_ids": [],
                "protocol": "-1",
                "security_groups": [],
                "self": false,
                "to_port": 0
              }
            ],
            "id": "sg-0a6ae70c974f33900",
            "ingress": [
              {
                "cidr_blocks": [
                  "0.0.0.0/0"
                ],
                "description": "Backend app port",
                "from_port": 5000,
                "ipv6_cidr_blocks": [],
                "prefix_list_ids": [],
                "protocol": "tcp",
                "security_groups": [],
                "self": false,
                "to_port": 5000
              },
              {
                "cidr_blocks": [
                  "0.0.0.0/0"
                ],
                "description": "HTTP access",
                "from_port": 80,
                "ipv6_cidr_blocks": [],
                "prefix_list_ids": [],
                "protocol": "tcp",
                "security_groups": [],
                "self": false,
                "to_port": 80
              },
              {
                "cidr_blocks": [
                  "0.0.0.0/0"
                ],
                "description": "SSH access",
                "from_port": 22,
                "ipv6_cidr_blocks": [],
                "prefix_list_ids": [],
                "protocol": "tcp",
                "security_groups": [],
                "self": false,
                "to_port": 22
              }
            ],
            "name": "backend-security-group",
            "name_prefix": "",
            "owner_id": "179783686307",
            "revoke_rules_on_delete": false,
            "tags": null,
            "tags_all": {},
            "timeouts": null,
            "vpc_id": "vpc-056b85aa51e7616c6"
          },
          "sensitive_attributes": [],
          "private": "eyJlMmJmYjczMC1lY2FhLTExZTYtOGY4OC0zNDM2M2JjN2M0YzAiOnsiY3JlYXRlIjo2MDAwMDAwMDAwMDAsImRlbGV0ZSI6OTAwMDAwMDAwMDAwfSwic2NoZW1hX3ZlcnNpb24iOiIxIn0="
        }
      ]
    },
    {
      "mode": "managed",
      "type": "random_string",
      "name": "random",
      "provider": "provider[\"registry.terraform.io/hashicorp/random\"]",
      "instances": [
        {
          "schema_version": 2,
          "attributes": {
            "id": "qjiqewpm",
            "keepers": null,
            "length": 8,
            "lower": true,
            "min_lower": 0,
            "min_numeric": 0,
            "min_special": 0,
            "min_upper": 0,
            "number": true,
            "numeric": true,
            "override_special": null,
            "result": "qjiqewpm",
            "special": false,
            "upper": false
          },
          "sensitive_attributes": []
        }
      ]
    }
  ],
  "check_results": null
}
